github.com/cdvelop/timeserver v0.0.36 h1:q+upU3ct7zwYIeemBkH02ujUQk/46OIGZEx9r8VQv9E=
github.com/cdvelop/timeserver v0.0.36/go.mod h1:NLT9JU5ZVwuTbbIAsxKvNseKqxrtdtlKpNKKbAFkHlI=
github.com/cdvelop/timetools v0.0.42 h1:yfSsGsfTw4QdXylseYXrmoGEtwzYJ/kGlF8a22Lv4f4=
github.com/cdvelop/timetools v0.0.42/go.mod h1:FLXt6dvkY4x3rjgRYX7J5XK2H6aHIdxV+fBA+Apj7J8=
